
Microsoft Visual Studio Solution File, Format Version 12.00
# Visual Studio Version 17
VisualStudioVersion = 17.0.32112.339
MinimumVisualStudioVersion = 10.0.40219.1
Project("{FAE04EC0-301F-11D3-BF4B-00C04F79EFBC}") = "DATA_GENERATOR_APP_FOR_MINIECOMMERCE", "DATA_GENERATOR_APP_FOR_MINIECOMMERCE\DATA_GENERATOR_APP_FOR_MINIECOMMERCE.csproj", "{E3FC090F-EB9E-4D54-80E7-2D6B9C7FE0BE}"
EndProject
Global
	GlobalSection(SolutionConfigurationPlatforms) = preSolution
		Debug|Any CPU = Debug|Any CPU
		Release|Any CPU = Release|Any CPU
	EndGlobalSection
	GlobalSection(ProjectConfigurationPlatforms) = postSolution
		{E3FC090F-EB9E-4D54-80E7-2D6B9C7FE0BE}.Debug|Any CPU.ActiveCfg = Debug|Any CPU
		{E3FC090F-EB9E-4D54-80E7-2D6B9C7FE0BE}.Debug|Any CPU.Build.0 = Debug|Any CPU
		{E3FC090F-EB9E-4D54-80E7-2D6B9C7FE0BE}.Release|Any CPU.ActiveCfg = Release|Any CPU
		{E3FC090F-EB9E-4D54-80E7-2D6B9C7FE0BE}.Release|Any CPU.Build.0 = Release|Any CPU
	EndGlobalSection
	GlobalSection(SolutionProperties) = preSolution
		HideSolutionNode = FALSE
	EndGlobalSection
	GlobalSection(ExtensibilityGlobals) = postSolution
		SolutionGuid = {807FBCD7-A6FC-4287-BC7B-8E266F454AA4}
	EndGlobalSection
EndGlobal
